// !$*UTF8*$!
{
	archiveVersion = 1;
	classes = {
	};
	objectVersion = 50;
	objects = {

/* Begin PBXBuildFile section */
		211FFF4121B4498200AEE27A /* AppDelegate.swift in Sources */ = {isa = PBXBuildFile; fileRef = 211FFF4021B4498200AEE27A /* AppDelegate.swift */; };
		211FFF4321B4498200AEE27A /* ViewController.swift in Sources */ = {isa = PBXBuildFile; fileRef = 211FFF4221B4498200AEE27A /* ViewController.swift */; };
		211FFF4621B4498200AEE27A /* Main.storyboard in Resources */ = {isa = PBXBuildFile; fileRef = 211FFF4421B4498200AEE27A /* Main.storyboard */; };
		211FFF4821B4498900AEE27A /* Assets.xcassets in Resources */ = {isa = PBXBuildFile; fileRef = 211FFF4721B4498900AEE27A /* Assets.xcassets */; };
		211FFF4B21B4498900AEE27A /* LaunchScreen.storyboard in Resources */ = {isa = PBXBuildFile; fileRef = 211FFF4921B4498900AEE27A /* LaunchScreen.storyboard */; };
		211FFF5621B451F000AEE27A /* FoodCategory.swift in Sources */ = {isa = PBXBuildFile; fileRef = 211FFF5521B451F000AEE27A /* FoodCategory.swift */; };
		211FFF5921B4527A00AEE27A /* Recipe.swift in Sources */ = {isa = PBXBuildFile; fileRef = 211FFF5821B4527A00AEE27A /* Recipe.swift */; };
		211FFF5B21B5AC9600AEE27A /* DataSet.swift in Sources */ = {isa = PBXBuildFile; fileRef = 211FFF5A21B5AC9600AEE27A /* DataSet.swift */; };
/* End PBXBuildFile section */

/* Begin PBXFileReference section */
		211FFF3D21B4498200AEE27A /* GoodEatins.app */ = {isa = PBXFileReference; explicitFileType = wrapper.application; includeInIndex = 0; path = GoodEatins.app; sourceTree = BUILT_PRODUCTS_DIR; };
		211FFF4021B4498200AEE27A /* AppDelegate.swift */ = {isa = PBXFileReference; lastKnownFileType = sourcecode.swift; path = AppDelegate.swift; sourceTree = "<group>"; };
		211FFF4221B4498200AEE27A /* ViewController.swift */ = {isa = PBXFileReference; lastKnownFileType = sourcecode.swift; path = ViewController.swift; sourceTree = "<group>"; };
		211FFF4521B4498200AEE27A /* Base */ = {isa = PBXFileReference; lastKnownFileType = file.storyboard; name = Base; path = Base.lproj/Main.storyboard; sourceTree = "<group>"; };
		211FFF4721B4498900AEE27A /* Assets.xcassets */ = {isa = PBXFileReference; lastKnownFileType = folder.assetcatalog; path = Assets.xcassets; sourceTree = "<group>"; };
		211FFF4A21B4498900AEE27A /* Base */ = {isa = PBXFileReference; lastKnownFileType = file.storyboard; name = Base; path = Base.lproj/LaunchScreen.storyboard; sourceTree = "<group>"; };
		211FFF4C21B4498900AEE27A /* Info.plist */ = {isa = PBXFileReference; lastKnownFileType = text.plist.xml; path = Info.plist; sourceTree = "<group>"; };
		211FFF5521B451F000AEE27A /* FoodCategory.swift */ = {isa = PBXFileReference; lastKnownFileType = sourcecode.swift; path = FoodCategory.swift; sourceTree = "<group>"; };
		211FFF5821B4527A00AEE27A /* Recipe.swift */ = {isa = PBXFileReference; lastKnownFileType = sourcecode.swift; path = Recipe.swift; sourceTree = "<group>"; };
		211FFF5A21B5AC9600AEE27A /* DataSet.swift */ = {isa = PBXFileReference; lastKnownFileType = sourcecode.swift; path = DataSet.swift; sourceTree = "<group>"; };
/* End PBXFileReference section */

/* Begin PBXFrameworksBuildPhase section */
		211FFF3A21B4498200AEE27A /* Frameworks */ = {
			isa = PBXFrameworksBuildPhase;
			buildActionMask = 2147483647;
			files = (
			);
			runOnlyForDeploymentPostprocessing = 0;
		};
/* End PBXFrameworksBuildPhase section */

/* Begin PBXGroup section */
		211FFF3421B4498200AEE27A = {
			isa = PBXGroup;
			children = (
				211FFF3F21B4498200AEE27A /* GoodEatins */,
				211FFF3E21B4498200AEE27A /* Products */,
			);
			sourceTree = "<group>";
		};
		211FFF3E21B4498200AEE27A /* Products */ = {
			isa = PBXGroup;
			children = (
				211FFF3D21B4498200AEE27A /* GoodEatins.app */,
			);
			name = Products;
			sourceTree = "<group>";
		};
		211FFF3F21B4498200AEE27A /* GoodEatins */ = {
			isa = PBXGroup;
			children = (
				211FFF5421B451CF00AEE27A /* Model */,
				211FFF5321B451B900AEE27A /* View */,
				211FFF5221B451A700AEE27A /* Controller */,
				211FFF4021B4498200AEE27A /* AppDelegate.swift */,
				211FFF4221B4498200AEE27A /* ViewController.swift */,
				211FFF4421B4498200AEE27A /* Main.storyboard */,
				211FFF4721B4498900AEE27A /* Assets.xcassets */,
				211FFF4921B4498900AEE27A /* LaunchScreen.storyboard */,
				211FFF4C21B4498900AEE27A /* Info.plist */,
			);
			path = GoodEatins;
			sourceTree = "<group>";
		};
		211FFF5221B451A700AEE27A /* Controller */ = {
			isa = PBXGroup;
			children = (
			);
			path = Controller;
			sourceTree = "<group>";
		};
		211FFF5321B451B900AEE27A /* View */ = {
			isa = PBXGroup;
			children = (
			);
			path = View;
			sourceTree = "<group>";
		};
		211FFF5421B451CF00AEE27A /* Model */ = {
			isa = PBXGroup;
			children = (
				211FFF5521B451F000AEE27A /* FoodCategory.swift */,
				211FFF5821B4527A00AEE27A /* Recipe.swift */,
				211FFF5A21B5AC9600AEE27A /* DataSet.swift */,
			);
			path = Model;
			sourceTree = "<group>";
		};
/* End PBXGroup section */

/* Begin PBXNativeTarget section */
		211FFF3C21B4498200AEE27A /* GoodEatins */ = {
			isa = PBXNativeTarget;
			buildConfigurationList = 211FFF4F21B4498900AEE27A /* Build configuration list for PBXNativeTarget "GoodEatins" */;
			buildPhases = (
				211FFF3921B4498200AEE27A /* Sources */,
				211FFF3A21B4498200AEE27A /* Frameworks */,
				211FFF3B21B4498200AEE27A /* Resources */,
			);
			buildRules = (
			);
			dependencies = (
			);
			name = GoodEatins;
			productName = GoodEatins;
			productReference = 211FFF3D21B4498200AEE27A /* GoodEatins.app */;
			productType = "com.apple.product-type.application";
		};
/* End PBXNativeTarget section */

/* Begin PBXProject section */
		211FFF3521B4498200AEE27A /* Project object */ = {
			isa = PBXProject;
			attributes = {
				LastSwiftUpdateCheck = 1010;
				LastUpgradeCheck = 1010;
				ORGANIZATIONNAME = "Vibhanshu Vaibhav";
				TargetAttributes = {
					211FFF3C21B4498200AEE27A = {
						CreatedOnToolsVersion = 10.1;
					};
				};
			};
			buildConfigurationList = 211FFF3821B4498200AEE27A /* Build configuration list for PBXProject "GoodEatins" */;
			compatibilityVersion = "Xcode 9.3";
			developmentRegion = en;
			hasScannedForEncodings = 0;
			knownRegions = (
				en,
				Base,
			);
			mainGroup = 211FFF3421B4498200AEE27A;
			productRefGroup = 211FFF3E21B4498200AEE27A /* Products */;
			projectDirPath = "";
			projectRoot = "";
			targets = (
				211FFF3C21B4498200AEE27A /* GoodEatins */,
			);
		};
/* End PBXProject section */

/* Begin PBXResourcesBuildPhase section */
		211FFF3B21B4498200AEE27A /* Resources */ = {
			isa = PBXResourcesBuildPhase;
			buildActionMask = 2147483647;
			files = (
				211FFF4B21B4498900AEE27A /* LaunchScreen.storyboard in Resources */,
				211FFF4821B4498900AEE27A /* Assets.xcassets in Resources */,
				211FFF4621B4498200AEE27A /* Main.storyboard in Resources */,
			);
			runOnlyForDeploymentPostprocessing = 0;
		};
/* End PBXResourcesBuildPhase section */

/* Begin PBXSourcesBuildPhase section */
		211FFF3921B4498200AEE27A /* Sources */ = {
			isa = PBXSourcesBuildPhase;
			buildActionMask = 2147483647;
			files = (
				211FFF4321B4498200AEE27A /* ViewController.swift in Sources */,
				211FFF5B21B5AC9600AEE27A /* DataSet.swift in Sources */,
				211FFF5621B451F000AEE27A /* FoodCategory.swift in Sources */,
				211FFF4121B4498200AEE27A /* AppDelegate.swift in Sources */,
				211FFF5921B4527A00AEE27A /* Recipe.swift in Sources */,
			);
			runOnlyForDeploymentPostprocessing = 0;
		};
/* End PBXSourcesBuildPhase section */

/* Begin PBXVariantGroup section */
		211FFF4421B4498200AEE27A /* Main.storyboard */ = {
			isa = PBXVariantGroup;
			children = (
				211FFF4521B4498200AEE27A /* Base */,
			);
			name = Main.storyboard;
			sourceTree = "<group>";
		};
		211FFF4921B4498900AEE27A /* LaunchScreen.storyboard */ = {
			isa = PBXVariantGroup;
			children = (
				211FFF4A21B4498900AEE27A /* Base */,
			);
			name = LaunchScreen.storyboard;
			sourceTree = "<group>";
		};
/* End PBXVariantGroup section */

/* Begin XCBuildConfiguration section */
		211FFF4D21B4498900AEE27A /* Debug */ = {
			isa = XCBuildConfiguration;
			buildSettings = {
				ALWAYS_SEARCH_USER_PATHS = NO;
				CLANG_ANALYZER_NONNULL = YES;
				CLANG_ANALYZER_NUMBER_OBJECT_CONVERSION = YES_AGGRESSIVE;
				CLANG_CXX_LANGUAGE_STANDARD = "gnu++14";
				CLANG_CXX_LIBRARY = "libc++";
				CLANG_ENABLE_MODULES = YES;
				CLANG_ENABLE_OBJC_ARC = YES;
				CLANG_ENABLE_OBJC_WEAK = YES;
				CLANG_WARN_BLOCK_CAPTURE_AUTORELEASING = YES;
				CLANG_WARN_BOOL_CONVERSION = YES;
				CLANG_WARN_COMMA = YES;
				CLANG_WARN_CONSTANT_CONVERSION = YES;
				CLANG_WARN_DEPRECATED_OBJC_IMPLEMENTATIONS = YES;
				CLANG_WARN_DIRECT_OBJC_ISA_USAGE = YES_ERROR;
				CLANG_WARN_DOCUMENTATION_COMMENTS = YES;
				CLANG_WARN_EMPTY_BODY = YES;
				CLANG_WARN_ENUM_CONVERSION = YES;
				CLANG_WARN_INFINITE_RECURSION = YES;
				CLANG_WARN_INT_CONVERSION = YES;
				CLANG_WARN_NON_LITERAL_NULL_CONVERSION = YES;
				CLANG_WARN_OBJC_IMPLICIT_RETAIN_SELF = YES;
				CLANG_WARN_OBJC_LITERAL_CONVERSION = YES;
				CLANG_WARN_OBJC_ROOT_CLASS = YES_ERROR;
				CLANG_WARN_RANGE_LOOP_ANALYSIS = YES;
				CLANG_WARN_STRICT_PROTOTYPES = YES;
				CLANG_WARN_SUSPICIOUS_MOVE = YES;
				CLANG_WARN_UNGUARDED_AVAILABILITY = YES_AGGRESSIVE;
				CLANG_WARN_UNREACHABLE_CODE = YES;
				CLANG_WARN__DUPLICATE_METHOD_MATCH = YES;
				CODE_SIGN_IDENTITY = "iPhone Developer";
				COPY_PHASE_STRIP = NO;
				DEBUG_INFORMATION_FORMAT = dwarf;
				ENABLE_STRICT_OBJC_MSGSEND = YES;
				ENABLE_TESTABILITY = YES;
				GCC_C_LANGUAGE_STANDARD = gnu11;
				GCC_DYNAMIC_NO_PIC = NO;
				GCC_NO_COMMON_BLOCKS = YES;
				GCC_OPTIMIZATION_LEVEL = 0;
				GCC_PREPROCESSOR_DEFINITIONS = (
					"DEBUG=1",
					"$(inherited)",
				);
				GCC_WARN_64_TO_32_BIT_CONVERSION = YES;
				GCC_WARN_ABOUT_RETURN_TYPE = YES_ERROR;
				GCC_WARN_UNDECLARED_SELECTOR = YES;
				GCC_WARN_UNINITIALIZED_AUTOS = YES_AGGRESSIVE;
				GCC_WARN_UNUSED_FUNCTION = YES;
				GCC_WARN_UNUSED_VARIABLE = YES;
				IPHONEOS_DEPLOYMENT_TARGET = 12.1;
				MTL_ENABLE_DEBUG_INFO = INCLUDE_SOURCE;
				MTL_FAST_MATH = YES;
				ONLY_ACTIVE_ARCH = YES;
				SDKROOT = iphoneos;
				SWIFT_ACTIVE_COMPILATION_CONDITIONS = DEBUG;
				SWIFT_OPTIMIZATION_LEVEL = "-Onone";
			};
			name = Debug;
		};
		211FFF4E21B4498900AEE27A /* Release */ = {
			isa = XCBuildConfiguration;
			buildSettings = {
				ALWAYS_SEARCH_USER_PATHS = NO;
				CLANG_ANALYZER_NONNULL = YES;
				CLANG_ANALYZER_NUMBER_OBJECT_CONVERSION = YES_AGGRESSIVE;
				CLANG_CXX_LANGUAGE_STANDARD = "gnu++14";
				CLANG_CXX_LIBRARY = "libc++";
				CLANG_ENABLE_MODULES = YES;
				CLANG_ENABLE_OBJC_ARC = YES;
				CLANG_ENABLE_OBJC_WEAK = YES;
				CLANG_WARN_BLOCK_CAPTURE_AUTORELEASING = YES;
				CLANG_WARN_BOOL_CONVERSION = YES;
				CLANG_WARN_COMMA = YES;
				CLANG_WARN_CONSTANT_CONVERSION = YES;
				CLANG_WARN_DEPRECATED_OBJC_IMPLEMENTATIONS = YES;
				CLANG_WARN_DIRECT_OBJC_ISA_USAGE = YES_ERROR;
				CLANG_WARN_DOCUMENTATION_COMMENTS = YES;
				CLANG_WARN_EMPTY_BODY = YES;
				CLANG_WARN_ENUM_CONVERSION = YES;
				CLANG_WARN_INFINITE_RECURSION = YES;
				CLANG_WARN_INT_CONVERSION = YES;
				CLANG_WARN_NON_LITERAL_NULL_CONVERSION = YES;
				CLANG_WARN_OBJC_IMPLICIT_RETAIN_SELF = YES;
				CLANG_WARN_OBJC_LITERAL_CONVERSION = YES;
				CLANG_WARN_OBJC_ROOT_CLASS = YES_ERROR;
				CLANG_WARN_RANGE_LOOP_ANALYSIS = YES;
				CLANG_WARN_STRICT_PROTOTYPES = YES;
				CLANG_WARN_SUSPICIOUS_MOVE = YES;
				CLANG_WARN_UNGUARDED_AVAILABILITY = YES_AGGRESSIVE;
				CLANG_WARN_UNREACHABLE_CODE = YES;
				CLANG_WARN__DUPLICATE_METHOD_MATCH = YES;
				CODE_SIGN_IDENTITY = "iPhone Developer";
				COPY_PHASE_STRIP = NO;
				DEBUG_INFORMATION_FORMAT = "dwarf-with-dsym";
				ENABLE_NS_ASSERTIONS = NO;
				ENABLE_STRICT_OBJC_MSGSEND = YES;
				GCC_C_LANGUAGE_STANDARD = gnu11;
				GCC_NO_COMMON_BLOCKS = YES;
				GCC_WARN_64_TO_32_BIT_CONVERSION = YES;
				GCC_WARN_ABOUT_RETURN_TYPE = YES_ERROR;
				GCC_WARN_UNDECLARED_SELECTOR = YES;
				GCC_WARN_UNINITIALIZED_AUTOS = YES_AGGRESSIVE;
				GCC_WARN_UNUSED_FUNCTION = YES;
				GCC_WARN_UNUSED_VARIABLE = YES;
				IPHONEOS_DEPLOYMENT_TARGET = 12.1;
				MTL_ENABLE_DEBUG_INFO = NO;
				MTL_FAST_MATH = YES;
				SDKROOT = iphoneos;
				SWIFT_COMPILATION_MODE = wholemodule;
				SWIFT_OPTIMIZATION_LEVEL = "-O";
				VALIDATE_PRODUCT = YES;
			};
			name = Release;
		};
		211FFF5021B4498900AEE27A /* Debug */ = {
			isa = XCBuildConfiguration;
			buildSettings = {
				ASSETCATALOG_COMPILER_APPICON_NAME = AppIcon;
				CODE_SIGN_STYLE = Automatic;
				DEVELOPMENT_TEAM = GMKCVRMBDR;
				INFOPLIST_FILE = GoodEatins/Info.plist;
				LD_RUNPATH_SEARCH_PATHS = (
					"$(inherited)",
					"@executable_path/Frameworks",
				);
				PRODUCT_BUNDLE_IDENTIFIER = com.vibhanshuvaibhav.GoodEatins;
				PRODUCT_NAME = "$(TARGET_NAME)";
				SWIFT_VERSION = 4.2;
				TARGETED_DEVICE_FAMILY = "1,2";
			};
			name = Debug;
		};
		211FFF5121B4498900AEE27A /* Release */ = {
			isa = XCBuildConfiguration;
			buildSettings = {
				ASSETCATALOG_COMPILER_APPICON_NAME = AppIcon;
				CODE_SIGN_STYLE = Automatic;
				DEVELOPMENT_TEAM = GMKCVRMBDR;
				INFOPLIST_FILE = GoodEatins/Info.plist;
				LD_RUNPATH_SEARCH_PATHS = (
					"$(inherited)",
					"@executable_path/Frameworks",
				);
				PRODUCT_BUNDLE_IDENTIFIER = com.vibhanshuvaibhav.GoodEatins;
				PRODUCT_NAME = "$(TARGET_NAME)";
				SWIFT_VERSION = 4.2;
				TARGETED_DEVICE_FAMILY = "1,2";
			};
			name = Release;
		};
/* End XCBuildConfiguration section */

/* Begin XCConfigurationList section */
		211FFF3821B4498200AEE27A /* Build configuration list for PBXProject "GoodEatins" */ = {
			isa = XCConfigurationList;
			buildConfigurations = (
				211FFF4D21B4498900AEE27A /* Debug */,
				211FFF4E21B4498900AEE27A /* Release */,
			);
			defaultConfigurationIsVisible = 0;
			defaultConfigurationName = Release;
		};
		211FFF4F21B4498900AEE27A /* Build configuration list for PBXNativeTarget "GoodEatins" */ = {
			isa = XCConfigurationList;
			buildConfigurations = (
				211FFF5021B4498900AEE27A /* Debug */,
				211FFF5121B4498900AEE27A /* Release */,
			);
			defaultConfigurationIsVisible = 0;
			defaultConfigurationName = Release;
		};
/* End XCConfigurationList section */
	};
	rootObject = 211FFF3521B4498200AEE27A /* Project object */;
}
